// !$*UTF8*$!
{
	archiveVersion = 1;
	classes = {
	};
	objectVersion = 48;
	objects = {

/* Begin PBXBuildFile section */
		A91633E820B2BE2300044EE6 /* Singleton.m in Sources */ = {isa = PBXBuildFile; fileRef = A91633E720B2BE2300044EE6 /* Singleton.m */; };
		A91633F020B2BE8600044EE6 /* singletonTests.m in Sources */ = {isa = PBXBuildFile; fileRef = A91633EF20B2BE8600044EE6 /* singletonTests.m */; };
		A91633F920B2BFD100044EE6 /* unit_tool.m in Sources */ = {isa = PBXBuildFile; fileRef = A91633F820B2BFD100044EE6 /* unit_tool.m */; };
		A91633FB20B2C08000044EE6 /* Assets.xcassets in Resources */ = {isa = PBXBuildFile; fileRef = A91633FA20B2C08000044EE6 /* Assets.xcassets */; };
		A916340220B2C0E000044EE6 /* AppDelegate.m in Sources */ = {isa = PBXBuildFile; fileRef = A916340020B2C0E000044EE6 /* AppDelegate.m */; };
		A916340320B2C0E000044EE6 /* main.m in Sources */ = {isa = PBXBuildFile; fileRef = A916340120B2C0E000044EE6 /* main.m */; };
		A916340820B2C10900044EE6 /* Main.storyboard in Resources */ = {isa = PBXBuildFile; fileRef = A916340420B2C10900044EE6 /* Main.storyboard */; };
		A916340920B2C10900044EE6 /* LaunchScreen.storyboard in Resources */ = {isa = PBXBuildFile; fileRef = A916340620B2C10900044EE6 /* LaunchScreen.storyboard */; };
/* End PBXBuildFile section */

/* Begin PBXContainerItemProxy section */
		A91633F220B2BE8600044EE6 /* PBXContainerItemProxy */ = {
			isa = PBXContainerItemProxy;
			containerPortal = A90B45F2206B572200A06831 /* Project object */;
			proxyType = 1;
			remoteGlobalIDString = A90B45F9206B572200A06831;
			remoteInfo = singleton;
		};
/* End PBXContainerItemProxy section */

/* Begin PBXFileReference section */
		A90B45FA206B572200A06831 /* singleton.app */ = {isa = PBXFileReference; explicitFileType = wrapper.application; includeInIndex = 0; path = singleton.app; sourceTree = BUILT_PRODUCTS_DIR; };
		A90B460B206B572200A06831 /* Info.plist */ = {isa = PBXFileReference; lastKnownFileType = text.plist.xml; path = Info.plist; sourceTree = "<group>"; };
		A91633E620B2BE2300044EE6 /* Singleton.h */ = {isa = PBXFileReference; fileEncoding = 4; lastKnownFileType = sourcecode.c.h; path = Singleton.h; sourceTree = "<group>"; };
		A91633E720B2BE2300044EE6 /* Singleton.m */ = {isa = PBXFileReference; fileEncoding = 4; lastKnownFileType = sourcecode.c.objc; path = Singleton.m; sourceTree = "<group>"; };
		A91633ED20B2BE8600044EE6 /* singletonTests.xctest */ = {isa = PBXFileReference; explicitFileType = wrapper.cfbundle; includeInIndex = 0; path = singletonTests.xctest; sourceTree = BUILT_PRODUCTS_DIR; };
		A91633EF20B2BE8600044EE6 /* singletonTests.m */ = {isa = PBXFileReference; lastKnownFileType = sourcecode.c.objc; path = singletonTests.m; sourceTree = "<group>"; };
		A91633F120B2BE8600044EE6 /* Info.plist */ = {isa = PBXFileReference; lastKnownFileType = text.plist.xml; path = Info.plist; sourceTree = "<group>"; };
		A91633F720B2BFD100044EE6 /* unit_tool.h */ = {isa = PBXFileReference; fileEncoding = 4; lastKnownFileType = sourcecode.c.h; path = unit_tool.h; sourceTree = "<group>"; };
		A91633F820B2BFD100044EE6 /* unit_tool.m */ = {isa = PBXFileReference; fileEncoding = 4; lastKnownFileType = sourcecode.c.objc; path = unit_tool.m; sourceTree = "<group>"; };
		A91633FA20B2C08000044EE6 /* Assets.xcassets */ = {isa = PBXFileReference; lastKnownFileType = folder.assetcatalog; path = Assets.xcassets; sourceTree = "<group>"; };
		A91633FF20B2C0E000044EE6 /* AppDelegate.h */ = {isa = PBXFileReference; fileEncoding = 4; lastKnownFileType = sourcecode.c.h; path = AppDelegate.h; sourceTree = "<group>"; };
		A916340020B2C0E000044EE6 /* AppDelegate.m */ = {isa = PBXFileReference; fileEncoding = 4; lastKnownFileType = sourcecode.c.objc; path = AppDelegate.m; sourceTree = "<group>"; };
		A916340120B2C0E000044EE6 /* main.m */ = {isa = PBXFileReference; fileEncoding = 4; lastKnownFileType = sourcecode.c.objc; path = main.m; sourceTree = "<group>"; };
		A916340520B2C10900044EE6 /* Base */ = {isa = PBXFileReference; lastKnownFileType = file.storyboard; name = Base; path = Base.lproj/Main.storyboard; sourceTree = "<group>"; };
		A916340720B2C10900044EE6 /* Base */ = {isa = PBXFileReference; lastKnownFileType = file.storyboard; name = Base; path = Base.lproj/LaunchScreen.storyboard; sourceTree = "<group>"; };
/* End PBXFileReference section */

/* Begin PBXFrameworksBuildPhase section */
		A90B45F7206B572200A06831 /* Frameworks */ = {
			isa = PBXFrameworksBuildPhase;
			buildActionMask = 2147483647;
			files = (
			);
			runOnlyForDeploymentPostprocessing = 0;
		};
		A91633EA20B2BE8600044EE6 /* Frameworks */ = {
			isa = PBXFrameworksBuildPhase;
			buildActionMask = 2147483647;
			files = (
			);
			runOnlyForDeploymentPostprocessing = 0;
		};
/* End PBXFrameworksBuildPhase section */

/* Begin PBXGroup section */
		A90B45F1206B572200A06831 = {
			isa = PBXGroup;
			children = (
				A90B45FC206B572200A06831 /* singleton */,
				A91633EE20B2BE8600044EE6 /* singletonTests */,
				A90B45FB206B572200A06831 /* Products */,
			);
			sourceTree = "<group>";
		};
		A90B45FB206B572200A06831 /* Products */ = {
			isa = PBXGroup;
			children = (
				A90B45FA206B572200A06831 /* singleton.app */,
				A91633ED20B2BE8600044EE6 /* singletonTests.xctest */,
			);
			name = Products;
			sourceTree = "<group>";
		};
		A90B45FC206B572200A06831 /* singleton */ = {
			isa = PBXGroup;
			children = (
				A91633E620B2BE2300044EE6 /* Singleton.h */,
				A91633E720B2BE2300044EE6 /* Singleton.m */,
				A91633FF20B2C0E000044EE6 /* AppDelegate.h */,
				A916340020B2C0E000044EE6 /* AppDelegate.m */,
				A91633FA20B2C08000044EE6 /* Assets.xcassets */,
				A916340620B2C10900044EE6 /* LaunchScreen.storyboard */,
				A916340420B2C10900044EE6 /* Main.storyboard */,
				A90B460B206B572200A06831 /* Info.plist */,
				A916340120B2C0E000044EE6 /* main.m */,
			);
			path = singleton;
			sourceTree = "<group>";
		};
		A91633EE20B2BE8600044EE6 /* singletonTests */ = {
			isa = PBXGroup;
			children = (
				A91633F720B2BFD100044EE6 /* unit_tool.h */,
				A91633F820B2BFD100044EE6 /* unit_tool.m */,
				A91633EF20B2BE8600044EE6 /* singletonTests.m */,
				A91633F120B2BE8600044EE6 /* Info.plist */,
			);
			path = singletonTests;
			sourceTree = "<group>";
		};
/* End PBXGroup section */

/* Begin PBXNativeTarget section */
		A90B45F9206B572200A06831 /* singleton */ = {
			isa = PBXNativeTarget;
			buildConfigurationList = A90B4610206B572200A06831 /* Build configuration list for PBXNativeTarget "singleton" */;
			buildPhases = (
				A90B45F6206B572200A06831 /* Sources */,
				A90B45F7206B572200A06831 /* Frameworks */,
				A90B45F8206B572200A06831 /* Resources */,
			);
			buildRules = (
			);
			dependencies = (
			);
			name = singleton;
			productName = singleton;
			productReference = A90B45FA206B572200A06831 /* singleton.app */;
			productType = "com.apple.product-type.application";
		};
		A91633EC20B2BE8600044EE6 /* singletonTests */ = {
			isa = PBXNativeTarget;
			buildConfigurationList = A91633F420B2BE8600044EE6 /* Build configuration list for PBXNativeTarget "singletonTests" */;
			buildPhases = (
				A91633E920B2BE8600044EE6 /* Sources */,
				A91633EA20B2BE8600044EE6 /* Frameworks */,
				A91633EB20B2BE8600044EE6 /* Resources */,
			);
			buildRules = (
			);
			dependencies = (
				A91633F320B2BE8600044EE6 /* PBXTargetDependency */,
			);
			name = singletonTests;
			productName = singletonTests;
			productReference = A91633ED20B2BE8600044EE6 /* singletonTests.xctest */;
			productType = "com.apple.product-type.bundle.unit-test";
		};
/* End PBXNativeTarget section */

/* Begin PBXProject section */
		A90B45F2206B572200A06831 /* Project object */ = {
			isa = PBXProject;
			attributes = {
				LastUpgradeCheck = 0910;
				ORGANIZATIONNAME = YLCHUN;
				TargetAttributes = {
					A90B45F9206B572200A06831 = {
						CreatedOnToolsVersion = 9.1;
						ProvisioningStyle = Automatic;
					};
					A91633EC20B2BE8600044EE6 = {
						CreatedOnToolsVersion = 9.4;
						ProvisioningStyle = Automatic;
						TestTargetID = A90B45F9206B572200A06831;
					};
				};
			};
			buildConfigurationList = A90B45F5206B572200A06831 /* Build configuration list for PBXProject "singleton" */;
			compatibilityVersion = "Xcode 8.0";
			developmentRegion = en;
			hasScannedForEncodings = 0;
			knownRegions = (
				en,
				Base,
			);
			mainGroup = A90B45F1206B572200A06831;
			productRefGroup = A90B45FB206B572200A06831 /* Products */;
			projectDirPath = "";
			projectRoot = "";
			targets = (
				A90B45F9206B572200A06831 /* singleton */,
				A91633EC20B2BE8600044EE6 /* singletonTests */,
			);
		};
/* End PBXProject section */

/* Begin PBXResourcesBuildPhase section */
		A90B45F8206B572200A06831 /* Resources */ = {
			isa = PBXResourcesBuildPhase;
			buildActionMask = 2147483647;
			files = (
				A916340920B2C10900044EE6 /* LaunchScreen.storyboard in Resources */,
				A91633FB20B2C08000044EE6 /* Assets.xcassets in Resources */,
				A916340820B2C10900044EE6 /* Main.storyboard in Resources */,
			);
			runOnlyForDeploymentPostprocessing = 0;
		};
		A91633EB20B2BE8600044EE6 /* Resources */ = {
			isa = PBXResourcesBuildPhase;
			buildActionMask = 2147483647;
			files = (
			);
			runOnlyForDeploymentPostprocessing = 0;
		};
/* End PBXResourcesBuildPhase section */

/* Begin PBXSourcesBuildPhase section */
		A90B45F6206B572200A06831 /* Sources */ = {
			isa = PBXSourcesBuildPhase;
			buildActionMask = 2147483647;
			files = (
				A916340220B2C0E000044EE6 /* AppDelegate.m in Sources */,
				A916340320B2C0E000044EE6 /* main.m in Sources */,
				A91633E820B2BE2300044EE6 /* Singleton.m in Sources */,
			);
			runOnlyForDeploymentPostprocessing = 0;
		};
		A91633E920B2BE8600044EE6 /* Sources */ = {
			isa = PBXSourcesBuildPhase;
			buildActionMask = 2147483647;
			files = (
				A91633F020B2BE8600044EE6 /* singletonTests.m in Sources */,
				A91633F920B2BFD100044EE6 /* unit_tool.m in Sources */,
			);
			runOnlyForDeploymentPostprocessing = 0;
		};
/* End PBXSourcesBuildPhase section */

/* Begin PBXTargetDependency section */
		A91633F320B2BE8600044EE6 /* PBXTargetDependency */ = {
			isa = PBXTargetDependency;
			target = A90B45F9206B572200A06831 /* singleton */;
			targetProxy = A91633F220B2BE8600044EE6 /* PBXContainerItemProxy */;
		};
/* End PBXTargetDependency section */

/* Begin PBXVariantGroup section */
		A916340420B2C10900044EE6 /* Main.storyboard */ = {
			isa = PBXVariantGroup;
			children = (
				A916340520B2C10900044EE6 /* Base */,
			);
			name = Main.storyboard;
			sourceTree = "<group>";
		};
		A916340620B2C10900044EE6 /* LaunchScreen.storyboard */ = {
			isa = PBXVariantGroup;
			children = (
				A916340720B2C10900044EE6 /* Base */,
			);
			name = LaunchScreen.storyboard;
			sourceTree = "<group>";
		};
/* End PBXVariantGroup section */

/* Begin XCBuildConfiguration section */
		A90B460E206B572200A06831 /* Debug */ = {
			isa = XCBuildConfiguration;
			buildSettings = {
				ALWAYS_SEARCH_USER_PATHS = NO;
				CLANG_ANALYZER_NONNULL = YES;
				CLANG_ANALYZER_NUMBER_OBJECT_CONVERSION = YES_AGGRESSIVE;
				CLANG_CXX_LANGUAGE_STANDARD = "gnu++14";
				CLANG_CXX_LIBRARY = "libc++";
				CLANG_ENABLE_MODULES = YES;
				CLANG_ENABLE_OBJC_ARC = YES;
				CLANG_WARN_BLOCK_CAPTURE_AUTORELEASING = YES;
				CLANG_WARN_BOOL_CONVERSION = YES;
				CLANG_WARN_COMMA = YES;
				CLANG_WARN_CONSTANT_CONVERSION = YES;
				CLANG_WARN_DIRECT_OBJC_ISA_USAGE = YES_ERROR;
				CLANG_WARN_DOCUMENTATION_COMMENTS = YES;
				CLANG_WARN_EMPTY_BODY = YES;
				CLANG_WARN_ENUM_CONVERSION = YES;
				CLANG_WARN_INFINITE_RECURSION = YES;
				CLANG_WARN_INT_CONVERSION = YES;
				CLANG_WARN_NON_LITERAL_NULL_CONVERSION = YES;
				CLANG_WARN_OBJC_LITERAL_CONVERSION = YES;
				CLANG_WARN_OBJC_ROOT_CLASS = YES_ERROR;
				CLANG_WARN_RANGE_LOOP_ANALYSIS = YES;
				CLANG_WARN_STRICT_PROTOTYPES = YES;
				CLANG_WARN_SUSPICIOUS_MOVE = YES;
				CLANG_WARN_UNGUARDED_AVAILABILITY = YES_AGGRESSIVE;
				CLANG_WARN_UNREACHABLE_CODE = YES;
				CLANG_WARN__DUPLICATE_METHOD_MATCH = YES;
				CODE_SIGN_IDENTITY = "iPhone Developer";
				COPY_PHASE_STRIP = NO;
				DEBUG_INFORMATION_FORMAT = dwarf;
				ENABLE_STRICT_OBJC_MSGSEND = YES;
				ENABLE_TESTABILITY = YES;
				GCC_C_LANGUAGE_STANDARD = gnu11;
				GCC_DYNAMIC_NO_PIC = NO;
				GCC_NO_COMMON_BLOCKS = YES;
				GCC_OPTIMIZATION_LEVEL = 0;
				GCC_PREPROCESSOR_DEFINITIONS = (
					"DEBUG=1",
					"$(inherited)",
				);
				GCC_WARN_64_TO_32_BIT_CONVERSION = YES;
				GCC_WARN_ABOUT_RETURN_TYPE = YES_ERROR;
				GCC_WARN_UNDECLARED_SELECTOR = YES;
				GCC_WARN_UNINITIALIZED_AUTOS = YES_AGGRESSIVE;
				GCC_WARN_UNUSED_FUNCTION = YES;
				GCC_WARN_UNUSED_VARIABLE = YES;
				IPHONEOS_DEPLOYMENT_TARGET = 11.1;
				MTL_ENABLE_DEBUG_INFO = YES;
				ONLY_ACTIVE_ARCH = YES;
				SDKROOT = iphoneos;
			};
			name = Debug;
		};
		A90B460F206B572200A06831 /* Release */ = {
			isa = XCBuildConfiguration;
			buildSettings = {
				ALWAYS_SEARCH_USER_PATHS = NO;
				CLANG_ANALYZER_NONNULL = YES;
				CLANG_ANALYZER_NUMBER_OBJECT_CONVERSION = YES_AGGRESSIVE;
				CLANG_CXX_LANGUAGE_STANDARD = "gnu++14";
				CLANG_CXX_LIBRARY = "libc++";
				CLANG_ENABLE_MODULES = YES;
				CLANG_ENABLE_OBJC_ARC = YES;
				CLANG_WARN_BLOCK_CAPTURE_AUTORELEASING = YES;
				CLANG_WARN_BOOL_CONVERSION = YES;
				CLANG_WARN_COMMA = YES;
				CLANG_WARN_CONSTANT_CONVERSION = YES;
				CLANG_WARN_DIRECT_OBJC_ISA_USAGE = YES_ERROR;
				CLANG_WARN_DOCUMENTATION_COMMENTS = YES;
				CLANG_WARN_EMPTY_BODY = YES;
				CLANG_WARN_ENUM_CONVERSION = YES;
				CLANG_WARN_INFINITE_RECURSION = YES;
				CLANG_WARN_INT_CONVERSION = YES;
				CLANG_WARN_NON_LITERAL_NULL_CONVERSION = YES;
				CLANG_WARN_OBJC_LITERAL_CONVERSION = YES;
				CLANG_WARN_OBJC_ROOT_CLASS = YES_ERROR;
				CLANG_WARN_RANGE_LOOP_ANALYSIS = YES;
				CLANG_WARN_STRICT_PROTOTYPES = YES;
				CLANG_WARN_SUSPICIOUS_MOVE = YES;
				CLANG_WARN_UNGUARDED_AVAILABILITY = YES_AGGRESSIVE;
				CLANG_WARN_UNREACHABLE_CODE = YES;
				CLANG_WARN__DUPLICATE_METHOD_MATCH = YES;
				CODE_SIGN_IDENTITY = "iPhone Developer";
				COPY_PHASE_STRIP = NO;
				DEBUG_INFORMATION_FORMAT = "dwarf-with-dsym";
				ENABLE_NS_ASSERTIONS = NO;
				ENABLE_STRICT_OBJC_MSGSEND = YES;
				GCC_C_LANGUAGE_STANDARD = gnu11;
				GCC_NO_COMMON_BLOCKS = YES;
				GCC_WARN_64_TO_32_BIT_CONVERSION = YES;
				GCC_WARN_ABOUT_RETURN_TYPE = YES_ERROR;
				GCC_WARN_UNDECLARED_SELECTOR = YES;
				GCC_WARN_UNINITIALIZED_AUTOS = YES_AGGRESSIVE;
				GCC_WARN_UNUSED_FUNCTION = YES;
				GCC_WARN_UNUSED_VARIABLE = YES;
				IPHONEOS_DEPLOYMENT_TARGET = 11.1;
				MTL_ENABLE_DEBUG_INFO = NO;
				SDKROOT = iphoneos;
				VALIDATE_PRODUCT = YES;
			};
			name = Release;
		};
		A90B4611206B572200A06831 /* Debug */ = {
			isa = XCBuildConfiguration;
			buildSettings = {
				ASSETCATALOG_COMPILER_APPICON_NAME = AppIcon;
				CODE_SIGN_STYLE = Automatic;
				INFOPLIST_FILE = singleton/Info.plist;
				LD_RUNPATH_SEARCH_PATHS = "$(inherited) @executable_path/Frameworks";
				PRODUCT_BUNDLE_IDENTIFIER = com.ylchun.singleton;
				PRODUCT_NAME = "$(TARGET_NAME)";
				TARGETED_DEVICE_FAMILY = "1,2";
			};
			name = Debug;
		};
		A90B4612206B572200A06831 /* Release */ = {
			isa = XCBuildConfiguration;
			buildSettings = {
				ASSETCATALOG_COMPILER_APPICON_NAME = AppIcon;
				CODE_SIGN_STYLE = Automatic;
				INFOPLIST_FILE = singleton/Info.plist;
				LD_RUNPATH_SEARCH_PATHS = "$(inherited) @executable_path/Frameworks";
				PRODUCT_BUNDLE_IDENTIFIER = com.ylchun.singleton;
				PRODUCT_NAME = "$(TARGET_NAME)";
				TARGETED_DEVICE_FAMILY = "1,2";
			};
			name = Release;
		};
		A91633F520B2BE8600044EE6 /* Debug */ = {
			isa = XCBuildConfiguration;
			buildSettings = {
				BUNDLE_LOADER = "$(TEST_HOST)";
				CLANG_ENABLE_OBJC_WEAK = YES;
				CLANG_WARN_DEPRECATED_OBJC_IMPLEMENTATIONS = YES;
				CLANG_WARN_OBJC_IMPLICIT_RETAIN_SELF = YES;
				CODE_SIGN_STYLE = Automatic;
				INFOPLIST_FILE = singletonTests/Info.plist;
				IPHONEOS_DEPLOYMENT_TARGET = 11.4;
				LD_RUNPATH_SEARCH_PATHS = "$(inherited) @executable_path/Frameworks @loader_path/Frameworks";
				PRODUCT_BUNDLE_IDENTIFIER = com.ylchun.singletonTests;
				PRODUCT_NAME = "$(TARGET_NAME)";
				TARGETED_DEVICE_FAMILY = "1,2";
				TEST_HOST = "$(BUILT_PRODUCTS_DIR)/singleton.app/singleton";
			};
			name = Debug;
		};
		A91633F620B2BE8600044EE6 /* Release */ = {
			isa = XCBuildConfiguration;
			buildSettings = {
				BUNDLE_LOADER = "$(TEST_HOST)";
				CLANG_ENABLE_OBJC_WEAK = YES;
				CLANG_WARN_DEPRECATED_OBJC_IMPLEMENTATIONS = YES;
				CLANG_WARN_OBJC_IMPLICIT_RETAIN_SELF = YES;
				CODE_SIGN_STYLE = Automatic;
				INFOPLIST_FILE = singletonTests/Info.plist;
				IPHONEOS_DEPLOYMENT_TARGET = 11.4;
				LD_RUNPATH_SEARCH_PATHS = "$(inherited) @executable_path/Frameworks @loader_path/Frameworks";
				PRODUCT_BUNDLE_IDENTIFIER = com.ylchun.singletonTests;
				PRODUCT_NAME = "$(TARGET_NAME)";
				TARGETED_DEVICE_FAMILY = "1,2";
				TEST_HOST = "$(BUILT_PRODUCTS_DIR)/singleton.app/singleton";
			};
			name = Release;
		};
/* End XCBuildConfiguration section */

/* Begin XCConfigurationList section */
		A90B45F5206B572200A06831 /* Build configuration list for PBXProject "singleton" */ = {
			isa = XCConfigurationList;
			buildConfigurations = (
				A90B460E206B572200A06831 /* Debug */,
				A90B460F206B572200A06831 /* Release */,
			);
			defaultConfigurationIsVisible = 0;
			defaultConfigurationName = Release;
		};
		A90B4610206B572200A06831 /* Build configuration list for PBXNativeTarget "singleton" */ = {
			isa = XCConfigurationList;
			buildConfigurations = (
				A90B4611206B572200A06831 /* Debug */,
				A90B4612206B572200A06831 /* Release */,
			);
			defaultConfigurationIsVisible = 0;
			defaultConfigurationName = Release;
		};
		A91633F420B2BE8600044EE6 /* Build configuration list for PBXNativeTarget "singletonTests" */ = {
			isa = XCConfigurationList;
			buildConfigurations = (
				A91633F520B2BE8600044EE6 /* Debug */,
				A91633F620B2BE8600044EE6 /* Release */,
			);
			defaultConfigurationIsVisible = 0;
			defaultConfigurationName = Release;
		};
/* End XCConfigurationList section */
	};
	rootObject = A90B45F2206B572200A06831 /* Project object */;
}
